// !$*UTF8*$!
{
	archiveVersion = 1;
	classes = {
	};
	objectVersion = 46;
	objects = {

/* Begin PBXBuildFile section */
		23A1F8EA1C6180B700CC9894 /* UIImage+Resize.swift in Sources */ = {isa = PBXBuildFile; fileRef = 23A1F8E91C6180B700CC9894 /* UIImage+Resize.swift */; };
		23B64F031C59532C00D2B73B /* AppDelegate.swift in Sources */ = {isa = PBXBuildFile; fileRef = 23B64F021C59532C00D2B73B /* AppDelegate.swift */; };
		23B64F0A1C59532C00D2B73B /* Main.storyboard in Resources */ = {isa = PBXBuildFile; fileRef = 23B64F081C59532C00D2B73B /* Main.storyboard */; };
		23B64F0C1C59532C00D2B73B /* Assets.xcassets in Resources */ = {isa = PBXBuildFile; fileRef = 23B64F0B1C59532C00D2B73B /* Assets.xcassets */; };
		23B64F171C59561400D2B73B /* CurrentLocationViewController.swift in Sources */ = {isa = PBXBuildFile; fileRef = 23B64F161C59561400D2B73B /* CurrentLocationViewController.swift */; };
		23B64F391C59A1D400D2B73B /* LocationsDetailTableViewController.swift in Sources */ = {isa = PBXBuildFile; fileRef = 23B64F381C59A1D400D2B73B /* LocationsDetailTableViewController.swift */; };
		23B7B1111C5E772700915660 /* CategoryPickerTableViewController.swift in Sources */ = {isa = PBXBuildFile; fileRef = 23B7B1101C5E772700915660 /* CategoryPickerTableViewController.swift */; };
		23B7B1141C5E7ECF00915660 /* HudView.swift in Sources */ = {isa = PBXBuildFile; fileRef = 23B7B1131C5E7ECF00915660 /* HudView.swift */; };
		23B7B1161C5E8D4A00915660 /* Functions.swift in Sources */ = {isa = PBXBuildFile; fileRef = 23B7B1151C5E8D4A00915660 /* Functions.swift */; };
		23B7B1191C5E905E00915660 /* DataModel.xcdatamodeld in Sources */ = {isa = PBXBuildFile; fileRef = 23B7B1171C5E905D00915660 /* DataModel.xcdatamodeld */; };
		23B7B11C1C5E97CB00915660 /* Location+CoreDataProperties.swift in Sources */ = {isa = PBXBuildFile; fileRef = 23B7B11A1C5E97CB00915660 /* Location+CoreDataProperties.swift */; };
		23B7B11D1C5E97CB00915660 /* Location.swift in Sources */ = {isa = PBXBuildFile; fileRef = 23B7B11B1C5E97CB00915660 /* Location.swift */; };
		23B7B11F1C5EB2D700915660 /* LocationsTableViewController.swift in Sources */ = {isa = PBXBuildFile; fileRef = 23B7B11E1C5EB2D700915660 /* LocationsTableViewController.swift */; };
		23B7B1221C60180100915660 /* LocationCell.swift in Sources */ = {isa = PBXBuildFile; fileRef = 23B7B1211C60180100915660 /* LocationCell.swift */; };
		23B7B1241C60296C00915660 /* MapKit.framework in Frameworks */ = {isa = PBXBuildFile; fileRef = 23B7B1231C60296C00915660 /* MapKit.framework */; };
		23B7B1261C60298500915660 /* MapViewController.swift in Sources */ = {isa = PBXBuildFile; fileRef = 23B7B1251C60298500915660 /* MapViewController.swift */; };
		23EEA9AE1C62BD5B00CEF066 /* String+AddText.swift in Sources */ = {isa = PBXBuildFile; fileRef = 23EEA9AD1C62BD5B00CEF066 /* String+AddText.swift */; };
		23EEA9B01C62C20900CEF066 /* MyTabBarController.swift in Sources */ = {isa = PBXBuildFile; fileRef = 23EEA9AF1C62C20900CEF066 /* MyTabBarController.swift */; };
		23EEA9B21C62C28300CEF066 /* MyNavigationController.swift in Sources */ = {isa = PBXBuildFile; fileRef = 23EEA9B11C62C28300CEF066 /* MyNavigationController.swift */; };
		23EEA9B41C62C30D00CEF066 /* MyImagePickerController.swift in Sources */ = {isa = PBXBuildFile; fileRef = 23EEA9B31C62C30D00CEF066 /* MyImagePickerController.swift */; };
/* End PBXBuildFile section */

/* Begin PBXFileReference section */
		23A1F8E91C6180B700CC9894 /* UIImage+Resize.swift */ = {isa = PBXFileReference; fileEncoding = 4; lastKnownFileType = sourcecode.swift; path = "UIImage+Resize.swift"; sourceTree = "<group>"; };
		23B64EFF1C59532C00D2B73B /* MyLocations.app */ = {isa = PBXFileReference; explicitFileType = wrapper.application; includeInIndex = 0; path = MyLocations.app; sourceTree = BUILT_PRODUCTS_DIR; };
		23B64F021C59532C00D2B73B /* AppDelegate.swift */ = {isa = PBXFileReference; lastKnownFileType = sourcecode.swift; path = AppDelegate.swift; sourceTree = "<group>"; };
		23B64F091C59532C00D2B73B /* Base */ = {isa = PBXFileReference; lastKnownFileType = file.storyboard; name = Base; path = Base.lproj/Main.storyboard; sourceTree = "<group>"; };
		23B64F0B1C59532C00D2B73B /* Assets.xcassets */ = {isa = PBXFileReference; lastKnownFileType = folder.assetcatalog; path = Assets.xcassets; sourceTree = "<group>"; };
		23B64F101C59532C00D2B73B /* Info.plist */ = {isa = PBXFileReference; lastKnownFileType = text.plist.xml; path = Info.plist; sourceTree = "<group>"; };
		23B64F161C59561400D2B73B /* CurrentLocationViewController.swift */ = {isa = PBXFileReference; fileEncoding = 4; lastKnownFileType = sourcecode.swift; path = CurrentLocationViewController.swift; sourceTree = "<group>"; };
		23B64F381C59A1D400D2B73B /* LocationsDetailTableViewController.swift */ = {isa = PBXFileReference; fileEncoding = 4; lastKnownFileType = sourcecode.swift; path = LocationsDetailTableViewController.swift; sourceTree = "<group>"; };
		23B7B1101C5E772700915660 /* CategoryPickerTableViewController.swift */ = {isa = PBXFileReference; fileEncoding = 4; lastKnownFileType = sourcecode.swift; path = CategoryPickerTableViewController.swift; sourceTree = "<group>"; };
		23B7B1131C5E7ECF00915660 /* HudView.swift */ = {isa = PBXFileReference; fileEncoding = 4; lastKnownFileType = sourcecode.swift; path = HudView.swift; sourceTree = "<group>"; };
		23B7B1151C5E8D4A00915660 /* Functions.swift */ = {isa = PBXFileReference; fileEncoding = 4; lastKnownFileType = sourcecode.swift; path = Functions.swift; sourceTree = "<group>"; };
		23B7B1181C5E905D00915660 /* DataModel.xcdatamodel */ = {isa = PBXFileReference; lastKnownFileType = wrapper.xcdatamodel; path = DataModel.xcdatamodel; sourceTree = "<group>"; };
		23B7B11A1C5E97CB00915660 /* Location+CoreDataProperties.swift */ = {isa = PBXFileReference; fileEncoding = 4; lastKnownFileType = sourcecode.swift; name = "Location+CoreDataProperties.swift"; path = "../Location+CoreDataProperties.swift"; sourceTree = "<group>"; };
		23B7B11B1C5E97CB00915660 /* Location.swift */ = {isa = PBXFileReference; fileEncoding = 4; lastKnownFileType = sourcecode.swift; name = Location.swift; path = ../Location.swift; sourceTree = "<group>"; };
		23B7B11E1C5EB2D700915660 /* LocationsTableViewController.swift */ = {isa = PBXFileReference; fileEncoding = 4; lastKnownFileType = sourcecode.swift; path = LocationsTableViewController.swift; sourceTree = "<group>"; };
		23B7B1211C60180100915660 /* LocationCell.swift */ = {isa = PBXFileReference; fileEncoding = 4; lastKnownFileType = sourcecode.swift; path = LocationCell.swift; sourceTree = "<group>"; };
		23B7B1231C60296C00915660 /* MapKit.framework */ = {isa = PBXFileReference; lastKnownFileType = wrapper.framework; name = MapKit.framework; path = System/Library/Frameworks/MapKit.framework; sourceTree = SDKROOT; };
		23B7B1251C60298500915660 /* MapViewController.swift */ = {isa = PBXFileReference; fileEncoding = 4; lastKnownFileType = sourcecode.swift; path = MapViewController.swift; sourceTree = "<group>"; };
		23EEA9AD1C62BD5B00CEF066 /* String+AddText.swift */ = {isa = PBXFileReference; fileEncoding = 4; lastKnownFileType = sourcecode.swift; path = "String+AddText.swift"; sourceTree = "<group>"; };
		23EEA9AF1C62C20900CEF066 /* MyTabBarController.swift */ = {isa = PBXFileReference; fileEncoding = 4; lastKnownFileType = sourcecode.swift; path = MyTabBarController.swift; sourceTree = "<group>"; };
		23EEA9B11C62C28300CEF066 /* MyNavigationController.swift */ = {isa = PBXFileReference; fileEncoding = 4; lastKnownFileType = sourcecode.swift; path = MyNavigationController.swift; sourceTree = "<group>"; };
		23EEA9B31C62C30D00CEF066 /* MyImagePickerController.swift */ = {isa = PBXFileReference; fileEncoding = 4; lastKnownFileType = sourcecode.swift; path = MyImagePickerController.swift; sourceTree = "<group>"; };
		23EEA9B51C62D23500CEF066 /* Sound.caf */ = {isa = PBXFileReference; lastKnownFileType = file; path = Sound.caf; sourceTree = "<group>"; };
/* End PBXFileReference section */

/* Begin PBXFrameworksBuildPhase section */
		23B64EFC1C59532C00D2B73B /* Frameworks */ = {
			isa = PBXFrameworksBuildPhase;
			buildActionMask = 2147483647;
			files = (
				23B7B1241C60296C00915660 /* MapKit.framework in Frameworks */,
			);
			runOnlyForDeploymentPostprocessing = 0;
		};
/* End PBXFrameworksBuildPhase section */

/* Begin PBXGroup section */
		23B64EF61C59532C00D2B73B = {
			isa = PBXGroup;
			children = (
				23B7B1231C60296C00915660 /* MapKit.framework */,
				23B64F011C59532C00D2B73B /* MyLocations */,
				23B64F001C59532C00D2B73B /* Products */,
			);
			sourceTree = "<group>";
		};
		23B64F001C59532C00D2B73B /* Products */ = {
			isa = PBXGroup;
			children = (
				23B64EFF1C59532C00D2B73B /* MyLocations.app */,
			);
			name = Products;
			sourceTree = "<group>";
		};
		23B64F011C59532C00D2B73B /* MyLocations */ = {
			isa = PBXGroup;
			children = (
				23B64F021C59532C00D2B73B /* AppDelegate.swift */,
				23B64F161C59561400D2B73B /* CurrentLocationViewController.swift */,
				23B64F381C59A1D400D2B73B /* LocationsDetailTableViewController.swift */,
				23B7B1101C5E772700915660 /* CategoryPickerTableViewController.swift */,
				23B7B11E1C5EB2D700915660 /* LocationsTableViewController.swift */,
				23B7B1211C60180100915660 /* LocationCell.swift */,
				23B7B1251C60298500915660 /* MapViewController.swift */,
				23B7B1201C5EBA5700915660 /* View */,
				23B7B1121C5E7EBB00915660 /* Utils */,
				23B64F081C59532C00D2B73B /* Main.storyboard */,
				23B64F0B1C59532C00D2B73B /* Assets.xcassets */,
				23B64F101C59532C00D2B73B /* Info.plist */,
				23EEA9B51C62D23500CEF066 /* Sound.caf */,
				23EEA9AF1C62C20900CEF066 /* MyTabBarController.swift */,
				23EEA9B11C62C28300CEF066 /* MyNavigationController.swift */,
				23EEA9B31C62C30D00CEF066 /* MyImagePickerController.swift */,
			);
			path = MyLocations;
			sourceTree = "<group>";
		};
		23B7B1121C5E7EBB00915660 /* Utils */ = {
			isa = PBXGroup;
			children = (
				23B7B1131C5E7ECF00915660 /* HudView.swift */,
				23B7B1151C5E8D4A00915660 /* Functions.swift */,
				23B7B1171C5E905D00915660 /* DataModel.xcdatamodeld */,
				23B7B11A1C5E97CB00915660 /* Location+CoreDataProperties.swift */,
				23B7B11B1C5E97CB00915660 /* Location.swift */,
				23A1F8E91C6180B700CC9894 /* UIImage+Resize.swift */,
				23EEA9AD1C62BD5B00CEF066 /* String+AddText.swift */,
			);
			name = Utils;
			sourceTree = "<group>";
		};
		23B7B1201C5EBA5700915660 /* View */ = {
			isa = PBXGroup;
			children = (
			);
			name = View;
			sourceTree = "<group>";
		};
/* End PBXGroup section */

/* Begin PBXNativeTarget section */
		23B64EFE1C59532C00D2B73B /* MyLocations */ = {
			isa = PBXNativeTarget;
			buildConfigurationList = 23B64F131C59532C00D2B73B /* Build configuration list for PBXNativeTarget "MyLocations" */;
			buildPhases = (
				23B64EFB1C59532C00D2B73B /* Sources */,
				23B64EFC1C59532C00D2B73B /* Frameworks */,
				23B64EFD1C59532C00D2B73B /* Resources */,
			);
			buildRules = (
			);
			dependencies = (
			);
			name = MyLocations;
			productName = MyLocations;
			productReference = 23B64EFF1C59532C00D2B73B /* MyLocations.app */;
			productType = "com.apple.product-type.application";
		};
/* End PBXNativeTarget section */

/* Begin PBXProject section */
		23B64EF71C59532C00D2B73B /* Project object */ = {
			isa = PBXProject;
			attributes = {
				LastSwiftUpdateCheck = 0720;
				LastUpgradeCheck = 0720;
				ORGANIZATIONNAME = "Antonio Alves";
				TargetAttributes = {
					23B64EFE1C59532C00D2B73B = {
						CreatedOnToolsVersion = 7.2;
						DevelopmentTeam = Q64TRSP8S5;
					};
				};
			};
			buildConfigurationList = 23B64EFA1C59532C00D2B73B /* Build configuration list for PBXProject "MyLocations" */;
			compatibilityVersion = "Xcode 3.2";
			developmentRegion = English;
			hasScannedForEncodings = 0;
			knownRegions = (
				en,
				Base,
			);
			mainGroup = 23B64EF61C59532C00D2B73B;
			productRefGroup = 23B64F001C59532C00D2B73B /* Products */;
			projectDirPath = "";
			projectRoot = "";
			targets = (
				23B64EFE1C59532C00D2B73B /* MyLocations */,
			);
		};
/* End PBXProject section */

/* Begin PBXResourcesBuildPhase section */
		23B64EFD1C59532C00D2B73B /* Resources */ = {
			isa = PBXResourcesBuildPhase;
			buildActionMask = 2147483647;
			files = (
				23B64F0C1C59532C00D2B73B /* Assets.xcassets in Resources */,
				23B64F0A1C59532C00D2B73B /* Main.storyboard in Resources */,
			);
			runOnlyForDeploymentPostprocessing = 0;
		};
/* End PBXResourcesBuildPhase section */

/* Begin PBXSourcesBuildPhase section */
		23B64EFB1C59532C00D2B73B /* Sources */ = {
			isa = PBXSourcesBuildPhase;
			buildActionMask = 2147483647;
			files = (
				23B7B11F1C5EB2D700915660 /* LocationsTableViewController.swift in Sources */,
				23EEA9B21C62C28300CEF066 /* MyNavigationController.swift in Sources */,
				23B7B1191C5E905E00915660 /* DataModel.xcdatamodeld in Sources */,
				23EEA9B41C62C30D00CEF066 /* MyImagePickerController.swift in Sources */,
				23B7B11D1C5E97CB00915660 /* Location.swift in Sources */,
				23B64F391C59A1D400D2B73B /* LocationsDetailTableViewController.swift in Sources */,
				23B7B1141C5E7ECF00915660 /* HudView.swift in Sources */,
				23A1F8EA1C6180B700CC9894 /* UIImage+Resize.swift in Sources */,
				23B7B1161C5E8D4A00915660 /* Functions.swift in Sources */,
				23B7B1221C60180100915660 /* LocationCell.swift in Sources */,
				23B7B1261C60298500915660 /* MapViewController.swift in Sources */,
				23EEA9AE1C62BD5B00CEF066 /* String+AddText.swift in Sources */,
				23B7B11C1C5E97CB00915660 /* Location+CoreDataProperties.swift in Sources */,
				23B64F171C59561400D2B73B /* CurrentLocationViewController.swift in Sources */,
				23B7B1111C5E772700915660 /* CategoryPickerTableViewController.swift in Sources */,
				23B64F031C59532C00D2B73B /* AppDelegate.swift in Sources */,
				23EEA9B01C62C20900CEF066 /* MyTabBarController.swift in Sources */,
			);
			runOnlyForDeploymentPostprocessing = 0;
		};
/* End PBXSourcesBuildPhase section */

/* Begin PBXVariantGroup section */
		23B64F081C59532C00D2B73B /* Main.storyboard */ = {
			isa = PBXVariantGroup;
			children = (
				23B64F091C59532C00D2B73B /* Base */,
			);
			name = Main.storyboard;
			sourceTree = "<group>";
		};
/* End PBXVariantGroup section */

/* Begin XCBuildConfiguration section */
		23B64F111C59532C00D2B73B /* Debug */ = {
			isa = XCBuildConfiguration;
			buildSettings = {
				ALWAYS_SEARCH_USER_PATHS = NO;
				CLANG_CXX_LANGUAGE_STANDARD = "gnu++0x";
				CLANG_CXX_LIBRARY = "libc++";
				CLANG_ENABLE_MODULES = YES;
				CLANG_ENABLE_OBJC_ARC = YES;
				CLANG_WARN_BOOL_CONVERSION = YES;
				CLANG_WARN_CONSTANT_CONVERSION = YES;
				CLANG_WARN_DIRECT_OBJC_ISA_USAGE = YES_ERROR;
				CLANG_WARN_EMPTY_BODY = YES;
				CLANG_WARN_ENUM_CONVERSION = YES;
				CLANG_WARN_INT_CONVERSION = YES;
				CLANG_WARN_OBJC_ROOT_CLASS = YES_ERROR;
				CLANG_WARN_UNREACHABLE_CODE = YES;
				CLANG_WARN__DUPLICATE_METHOD_MATCH = YES;
				"CODE_SIGN_IDENTITY[sdk=iphoneos*]" = "iPhone Developer";
				COPY_PHASE_STRIP = NO;
				DEBUG_INFORMATION_FORMAT = dwarf;
				ENABLE_STRICT_OBJC_MSGSEND = YES;
				ENABLE_TESTABILITY = YES;
				GCC_C_LANGUAGE_STANDARD = gnu99;
				GCC_DYNAMIC_NO_PIC = NO;
				GCC_NO_COMMON_BLOCKS = YES;
				GCC_OPTIMIZATION_LEVEL = 0;
				GCC_PREPROCESSOR_DEFINITIONS = (
					"DEBUG=1",
					"$(inherited)",
				);
				GCC_WARN_64_TO_32_BIT_CONVERSION = YES;
				GCC_WARN_ABOUT_RETURN_TYPE = YES_ERROR;
				GCC_WARN_UNDECLARED_SELECTOR = YES;
				GCC_WARN_UNINITIALIZED_AUTOS = YES_AGGRESSIVE;
				GCC_WARN_UNUSED_FUNCTION = YES;
				GCC_WARN_UNUSED_VARIABLE = YES;
				IPHONEOS_DEPLOYMENT_TARGET = 9.2;
				MTL_ENABLE_DEBUG_INFO = YES;
				ONLY_ACTIVE_ARCH = YES;
				SDKROOT = iphoneos;
				SWIFT_OPTIMIZATION_LEVEL = "-Onone";
			};
			name = Debug;
		};
		23B64F121C59532C00D2B73B /* Release */ = {
			isa = XCBuildConfiguration;
			buildSettings = {
				ALWAYS_SEARCH_USER_PATHS = NO;
				CLANG_CXX_LANGUAGE_STANDARD = "gnu++0x";
				CLANG_CXX_LIBRARY = "libc++";
				CLANG_ENABLE_MODULES = YES;
				CLANG_ENABLE_OBJC_ARC = YES;
				CLANG_WARN_BOOL_CONVERSION = YES;
				CLANG_WARN_CONSTANT_CONVERSION = YES;
				CLANG_WARN_DIRECT_OBJC_ISA_USAGE = YES_ERROR;
				CLANG_WARN_EMPTY_BODY = YES;
				CLANG_WARN_ENUM_CONVERSION = YES;
				CLANG_WARN_INT_CONVERSION = YES;
				CLANG_WARN_OBJC_ROOT_CLASS = YES_ERROR;
				CLANG_WARN_UNREACHABLE_CODE = YES;
				CLANG_WARN__DUPLICATE_METHOD_MATCH = YES;
				"CODE_SIGN_IDENTITY[sdk=iphoneos*]" = "iPhone Developer";
				COPY_PHASE_STRIP = NO;
				DEBUG_INFORMATION_FORMAT = "dwarf-with-dsym";
				ENABLE_NS_ASSERTIONS = NO;
				ENABLE_STRICT_OBJC_MSGSEND = YES;
				GCC_C_LANGUAGE_STANDARD = gnu99;
				GCC_NO_COMMON_BLOCKS = YES;
				GCC_WARN_64_TO_32_BIT_CONVERSION = YES;
				GCC_WARN_ABOUT_RETURN_TYPE = YES_ERROR;
				GCC_WARN_UNDECLARED_SELECTOR = YES;
				GCC_WARN_UNINITIALIZED_AUTOS = YES_AGGRESSIVE;
				GCC_WARN_UNUSED_FUNCTION = YES;
				GCC_WARN_UNUSED_VARIABLE = YES;
				IPHONEOS_DEPLOYMENT_TARGET = 9.2;
				MTL_ENABLE_DEBUG_INFO = NO;
				SDKROOT = iphoneos;
				VALIDATE_PRODUCT = YES;
			};
			name = Release;
		};
		23B64F141C59532C00D2B73B /* Debug */ = {
			isa = XCBuildConfiguration;
			buildSettings = {
				ASSETCATALOG_COMPILER_APPICON_NAME = AppIcon;
				ASSETCATALOG_COMPILER_LAUNCHIMAGE_NAME = "Brand Assets";
				INFOPLIST_FILE = MyLocations/Info.plist;
				LD_RUNPATH_SEARCH_PATHS = "$(inherited) @executable_path/Frameworks";
				PRODUCT_BUNDLE_IDENTIFIER = com.antonio.MyLocations;
				PRODUCT_NAME = "$(TARGET_NAME)";
			};
			name = Debug;
		};
		23B64F151C59532C00D2B73B /* Release */ = {
			isa = XCBuildConfiguration;
			buildSettings = {
				ASSETCATALOG_COMPILER_APPICON_NAME = AppIcon;
				ASSETCATALOG_COMPILER_LAUNCHIMAGE_NAME = "Brand Assets";
				INFOPLIST_FILE = MyLocations/Info.plist;
				LD_RUNPATH_SEARCH_PATHS = "$(inherited) @executable_path/Frameworks";
				PRODUCT_BUNDLE_IDENTIFIER = com.antonio.MyLocations;
				PRODUCT_NAME = "$(TARGET_NAME)";
			};
			name = Release;
		};
/* End XCBuildConfiguration section */

/* Begin XCConfigurationList section */
		23B64EFA1C59532C00D2B73B /* Build configuration list for PBXProject "MyLocations" */ = {
			isa = XCConfigurationList;
			buildConfigurations = (
				23B64F111C59532C00D2B73B /* Debug */,
				23B64F121C59532C00D2B73B /* Release */,
			);
			defaultConfigurationIsVisible = 0;
			defaultConfigurationName = Release;
		};
		23B64F131C59532C00D2B73B /* Build configuration list for PBXNativeTarget "MyLocations" */ = {
			isa = XCConfigurationList;
			buildConfigurations = (
				23B64F141C59532C00D2B73B /* Debug */,
				23B64F151C59532C00D2B73B /* Release */,
			);
			defaultConfigurationIsVisible = 0;
			defaultConfigurationName = Release;
		};
/* End XCConfigurationList section */

/* Begin XCVersionGroup section */
		23B7B1171C5E905D00915660 /* DataModel.xcdatamodeld */ = {
			isa = XCVersionGroup;
			children = (
				23B7B1181C5E905D00915660 /* DataModel.xcdatamodel */,
			);
			currentVersion = 23B7B1181C5E905D00915660 /* DataModel.xcdatamodel */;
			path = DataModel.xcdatamodeld;
			sourceTree = "<group>";
			versionGroupType = wrapper.xcdatamodel;
		};
/* End XCVersionGroup section */
	};
	rootObject = 23B64EF71C59532C00D2B73B /* Project object */;
}
